
Microsoft Visual Studio Solution File, Format Version 12.00
# Visual Studio Version 17
VisualStudioVersion = 17.7.34221.43
MinimumVisualStudioVersion = 10.0.40219.1
Project("{8BC9CEB8-8B4A-11D0-8D11-00A0C91BC942}") = "hw4_client", "hw4_client.vcxproj", "{1A1764C7-B6AB-4973-A975-4553D9674779}"
EndProject
Global
	GlobalSection(SolutionConfigurationPlatforms) = preSolution
		Debug|x64 = Debug|x64
		Debug|x86 = Debug|x86
		Release|x64 = Release|x64
		Release|x86 = Release|x86
	EndGlobalSection
	GlobalSection(ProjectConfigurationPlatforms) = postSolution
		{1A1764C7-B6AB-4973-A975-4553D9674779}.Debug|x64.ActiveCfg = Debug|x64
		{1A1764C7-B6AB-4973-A975-4553D9674779}.Debug|x64.Build.0 = Debug|x64
		{1A1764C7-B6AB-4973-A975-4553D9674779}.Debug|x86.ActiveCfg = Debug|Win32
		{1A1764C7-B6AB-4973-A975-4553D9674779}.Debug|x86.Build.0 = Debug|Win32
		{1A1764C7-B6AB-4973-A975-4553D9674779}.Release|x64.ActiveCfg = Release|x64
		{1A1764C7-B6AB-4973-A975-4553D9674779}.Release|x64.Build.0 = Release|x64
		{1A1764C7-B6AB-4973-A975-4553D9674779}.Release|x86.ActiveCfg = Release|Win32
		{1A1764C7-B6AB-4973-A975-4553D9674779}.Release|x86.Build.0 = Release|Win32
	EndGlobalSection
	GlobalSection(SolutionProperties) = preSolution
		HideSolutionNode = FALSE
	EndGlobalSection
	GlobalSection(ExtensibilityGlobals) = postSolution
		SolutionGuid = {90B2A801-C0A5-402E-B727-7C4971B92034}
	EndGlobalSection
EndGlobal
